// !$*UTF8*$!
{
	archiveVersion = 1;
	classes = {
	};
	objectVersion = 50;
	objects = {

/* Begin PBXBuildFile section */
		1CC81AA02382FC5500C7C956 /* AppDelegate.swift in Sources */ = {isa = PBXBuildFile; fileRef = 1CC81A9F2382FC5500C7C956 /* AppDelegate.swift */; };
		1CC81AA22382FC5500C7C956 /* SceneDelegate.swift in Sources */ = {isa = PBXBuildFile; fileRef = 1CC81AA12382FC5500C7C956 /* SceneDelegate.swift */; };
		1CC81AA42382FC5500C7C956 /* ViewController.swift in Sources */ = {isa = PBXBuildFile; fileRef = 1CC81AA32382FC5500C7C956 /* ViewController.swift */; };
		1CC81AA72382FC5500C7C956 /* Main.storyboard in Resources */ = {isa = PBXBuildFile; fileRef = 1CC81AA52382FC5500C7C956 /* Main.storyboard */; };
		1CC81AA92382FC5700C7C956 /* Assets.xcassets in Resources */ = {isa = PBXBuildFile; fileRef = 1CC81AA82382FC5700C7C956 /* Assets.xcassets */; };
		1CC81AAC2382FC5700C7C956 /* LaunchScreen.storyboard in Resources */ = {isa = PBXBuildFile; fileRef = 1CC81AAA2382FC5700C7C956 /* LaunchScreen.storyboard */; };
/* End PBXBuildFile section */

/* Begin PBXFileReference section */
		1CC81A9C2382FC5500C7C956 /* happyOrSad.app */ = {isa = PBXFileReference; explicitFileType = wrapper.application; includeInIndex = 0; path = happyOrSad.app; sourceTree = BUILT_PRODUCTS_DIR; };
		1CC81A9F2382FC5500C7C956 /* AppDelegate.swift */ = {isa = PBXFileReference; lastKnownFileType = sourcecode.swift; path = AppDelegate.swift; sourceTree = "<group>"; };
		1CC81AA12382FC5500C7C956 /* SceneDelegate.swift */ = {isa = PBXFileReference; lastKnownFileType = sourcecode.swift; path = SceneDelegate.swift; sourceTree = "<group>"; };
		1CC81AA32382FC5500C7C956 /* ViewController.swift */ = {isa = PBXFileReference; lastKnownFileType = sourcecode.swift; path = ViewController.swift; sourceTree = "<group>"; };
		1CC81AA62382FC5500C7C956 /* Base */ = {isa = PBXFileReference; lastKnownFileType = file.storyboard; name = Base; path = Base.lproj/Main.storyboard; sourceTree = "<group>"; };
		1CC81AA82382FC5700C7C956 /* Assets.xcassets */ = {isa = PBXFileReference; lastKnownFileType = folder.assetcatalog; path = Assets.xcassets; sourceTree = "<group>"; };
		1CC81AAB2382FC5700C7C956 /* Base */ = {isa = PBXFileReference; lastKnownFileType = file.storyboard; name = Base; path = Base.lproj/LaunchScreen.storyboard; sourceTree = "<group>"; };
		1CC81AAD2382FC5700C7C956 /* Info.plist */ = {isa = PBXFileReference; lastKnownFileType = text.plist.xml; path = Info.plist; sourceTree = "<group>"; };
/* End PBXFileReference section */

/* Begin PBXFrameworksBuildPhase section */
		1CC81A992382FC5500C7C956 /* Frameworks */ = {
			isa = PBXFrameworksBuildPhase;
			buildActionMask = 2147483647;
			files = (
			);
			runOnlyForDeploymentPostprocessing = 0;
		};
/* End PBXFrameworksBuildPhase section */

/* Begin PBXGroup section */
		1CC81A932382FC5500C7C956 = {
			isa = PBXGroup;
			children = (
				1CC81A9E2382FC5500C7C956 /* happyOrSad */,
				1CC81A9D2382FC5500C7C956 /* Products */,
			);
			sourceTree = "<group>";
		};
		1CC81A9D2382FC5500C7C956 /* Products */ = {
			isa = PBXGroup;
			children = (
				1CC81A9C2382FC5500C7C956 /* happyOrSad.app */,
			);
			name = Products;
			sourceTree = "<group>";
		};
		1CC81A9E2382FC5500C7C956 /* happyOrSad */ = {
			isa = PBXGroup;
			children = (
				1CC81A9F2382FC5500C7C956 /* AppDelegate.swift */,
				1CC81AA12382FC5500C7C956 /* SceneDelegate.swift */,
				1CC81AA32382FC5500C7C956 /* ViewController.swift */,
				1CC81AA52382FC5500C7C956 /* Main.storyboard */,
				1CC81AA82382FC5700C7C956 /* Assets.xcassets */,
				1CC81AAA2382FC5700C7C956 /* LaunchScreen.storyboard */,
				1CC81AAD2382FC5700C7C956 /* Info.plist */,
			);
			path = happyOrSad;
			sourceTree = "<group>";
		};
/* End PBXGroup section */

/* Begin PBXNativeTarget section */
		1CC81A9B2382FC5500C7C956 /* happyOrSad */ = {
			isa = PBXNativeTarget;
			buildConfigurationList = 1CC81AB02382FC5700C7C956 /* Build configuration list for PBXNativeTarget "happyOrSad" */;
			buildPhases = (
				1CC81A982382FC5500C7C956 /* Sources */,
				1CC81A992382FC5500C7C956 /* Frameworks */,
				1CC81A9A2382FC5500C7C956 /* Resources */,
			);
			buildRules = (
			);
			dependencies = (
			);
			name = happyOrSad;
			productName = happyOrSad;
			productReference = 1CC81A9C2382FC5500C7C956 /* happyOrSad.app */;
			productType = "com.apple.product-type.application";
		};
/* End PBXNativeTarget section */

/* Begin PBXProject section */
		1CC81A942382FC5500C7C956 /* Project object */ = {
			isa = PBXProject;
			attributes = {
				LastSwiftUpdateCheck = 1110;
				LastUpgradeCheck = 1110;
				ORGANIZATIONNAME = "Fulcherberguer, Fernanda";
				TargetAttributes = {
					1CC81A9B2382FC5500C7C956 = {
						CreatedOnToolsVersion = 11.1;
					};
				};
			};
			buildConfigurationList = 1CC81A972382FC5500C7C956 /* Build configuration list for PBXProject "happyOrSad" */;
			compatibilityVersion = "Xcode 9.3";
			developmentRegion = en;
			hasScannedForEncodings = 0;
			knownRegions = (
				en,
				Base,
			);
			mainGroup = 1CC81A932382FC5500C7C956;
			productRefGroup = 1CC81A9D2382FC5500C7C956 /* Products */;
			projectDirPath = "";
			projectRoot = "";
			targets = (
				1CC81A9B2382FC5500C7C956 /* happyOrSad */,
			);
		};
/* End PBXProject section */

/* Begin PBXResourcesBuildPhase section */
		1CC81A9A2382FC5500C7C956 /* Resources */ = {
			isa = PBXResourcesBuildPhase;
			buildActionMask = 2147483647;
			files = (
				1CC81AAC2382FC5700C7C956 /* LaunchScreen.storyboard in Resources */,
				1CC81AA92382FC5700C7C956 /* Assets.xcassets in Resources */,
				1CC81AA72382FC5500C7C956 /* Main.storyboard in Resources */,
			);
			runOnlyForDeploymentPostprocessing = 0;
		};
/* End PBXResourcesBuildPhase section */

/* Begin PBXSourcesBuildPhase section */
		1CC81A982382FC5500C7C956 /* Sources */ = {
			isa = PBXSourcesBuildPhase;
			buildActionMask = 2147483647;
			files = (
				1CC81AA42382FC5500C7C956 /* ViewController.swift in Sources */,
				1CC81AA02382FC5500C7C956 /* AppDelegate.swift in Sources */,
				1CC81AA22382FC5500C7C956 /* SceneDelegate.swift in Sources */,
			);
			runOnlyForDeploymentPostprocessing = 0;
		};
/* End PBXSourcesBuildPhase section */

/* Begin PBXVariantGroup section */
		1CC81AA52382FC5500C7C956 /* Main.storyboard */ = {
			isa = PBXVariantGroup;
			children = (
				1CC81AA62382FC5500C7C956 /* Base */,
			);
			name = Main.storyboard;
			sourceTree = "<group>";
		};
		1CC81AAA2382FC5700C7C956 /* LaunchScreen.storyboard */ = {
			isa = PBXVariantGroup;
			children = (
				1CC81AAB2382FC5700C7C956 /* Base */,
			);
			name = LaunchScreen.storyboard;
			sourceTree = "<group>";
		};
/* End PBXVariantGroup section */

/* Begin XCBuildConfiguration section */
		1CC81AAE2382FC5700C7C956 /* Debug */ = {
			isa = XCBuildConfiguration;
			buildSettings = {
				ALWAYS_SEARCH_USER_PATHS = NO;
				CLANG_ANALYZER_NONNULL = YES;
				CLANG_ANALYZER_NUMBER_OBJECT_CONVERSION = YES_AGGRESSIVE;
				CLANG_CXX_LANGUAGE_STANDARD = "gnu++14";
				CLANG_CXX_LIBRARY = "libc++";
				CLANG_ENABLE_MODULES = YES;
				CLANG_ENABLE_OBJC_ARC = YES;
				CLANG_ENABLE_OBJC_WEAK = YES;
				CLANG_WARN_BLOCK_CAPTURE_AUTORELEASING = YES;
				CLANG_WARN_BOOL_CONVERSION = YES;
				CLANG_WARN_COMMA = YES;
				CLANG_WARN_CONSTANT_CONVERSION = YES;
				CLANG_WARN_DEPRECATED_OBJC_IMPLEMENTATIONS = YES;
				CLANG_WARN_DIRECT_OBJC_ISA_USAGE = YES_ERROR;
				CLANG_WARN_DOCUMENTATION_COMMENTS = YES;
				CLANG_WARN_EMPTY_BODY = YES;
				CLANG_WARN_ENUM_CONVERSION = YES;
				CLANG_WARN_INFINITE_RECURSION = YES;
				CLANG_WARN_INT_CONVERSION = YES;
				CLANG_WARN_NON_LITERAL_NULL_CONVERSION = YES;
				CLANG_WARN_OBJC_IMPLICIT_RETAIN_SELF = YES;
				CLANG_WARN_OBJC_LITERAL_CONVERSION = YES;
				CLANG_WARN_OBJC_ROOT_CLASS = YES_ERROR;
				CLANG_WARN_RANGE_LOOP_ANALYSIS = YES;
				CLANG_WARN_STRICT_PROTOTYPES = YES;
				CLANG_WARN_SUSPICIOUS_MOVE = YES;
				CLANG_WARN_UNGUARDED_AVAILABILITY = YES_AGGRESSIVE;
				CLANG_WARN_UNREACHABLE_CODE = YES;
				CLANG_WARN__DUPLICATE_METHOD_MATCH = YES;
				COPY_PHASE_STRIP = NO;
				DEBUG_INFORMATION_FORMAT = dwarf;
				ENABLE_STRICT_OBJC_MSGSEND = YES;
				ENABLE_TESTABILITY = YES;
				GCC_C_LANGUAGE_STANDARD = gnu11;
				GCC_DYNAMIC_NO_PIC = NO;
				GCC_NO_COMMON_BLOCKS = YES;
				GCC_OPTIMIZATION_LEVEL = 0;
				GCC_PREPROCESSOR_DEFINITIONS = (
					"DEBUG=1",
					"$(inherited)",
				);
				GCC_WARN_64_TO_32_BIT_CONVERSION = YES;
				GCC_WARN_ABOUT_RETURN_TYPE = YES_ERROR;
				GCC_WARN_UNDECLARED_SELECTOR = YES;
				GCC_WARN_UNINITIALIZED_AUTOS = YES_AGGRESSIVE;
				GCC_WARN_UNUSED_FUNCTION = YES;
				GCC_WARN_UNUSED_VARIABLE = YES;
				IPHONEOS_DEPLOYMENT_TARGET = 13.1;
				MTL_ENABLE_DEBUG_INFO = INCLUDE_SOURCE;
				MTL_FAST_MATH = YES;
				ONLY_ACTIVE_ARCH = YES;
				SDKROOT = iphoneos;
				SWIFT_ACTIVE_COMPILATION_CONDITIONS = DEBUG;
				SWIFT_OPTIMIZATION_LEVEL = "-Onone";
			};
			name = Debug;
		};
		1CC81AAF2382FC5700C7C956 /* Release */ = {
			isa = XCBuildConfiguration;
			buildSettings = {
				ALWAYS_SEARCH_USER_PATHS = NO;
				CLANG_ANALYZER_NONNULL = YES;
				CLANG_ANALYZER_NUMBER_OBJECT_CONVERSION = YES_AGGRESSIVE;
				CLANG_CXX_LANGUAGE_STANDARD = "gnu++14";
				CLANG_CXX_LIBRARY = "libc++";
				CLANG_ENABLE_MODULES = YES;
				CLANG_ENABLE_OBJC_ARC = YES;
				CLANG_ENABLE_OBJC_WEAK = YES;
				CLANG_WARN_BLOCK_CAPTURE_AUTORELEASING = YES;
				CLANG_WARN_BOOL_CONVERSION = YES;
				CLANG_WARN_COMMA = YES;
				CLANG_WARN_CONSTANT_CONVERSION = YES;
				CLANG_WARN_DEPRECATED_OBJC_IMPLEMENTATIONS = YES;
				CLANG_WARN_DIRECT_OBJC_ISA_USAGE = YES_ERROR;
				CLANG_WARN_DOCUMENTATION_COMMENTS = YES;
				CLANG_WARN_EMPTY_BODY = YES;
				CLANG_WARN_ENUM_CONVERSION = YES;
				CLANG_WARN_INFINITE_RECURSION = YES;
				CLANG_WARN_INT_CONVERSION = YES;
				CLANG_WARN_NON_LITERAL_NULL_CONVERSION = YES;
				CLANG_WARN_OBJC_IMPLICIT_RETAIN_SELF = YES;
				CLANG_WARN_OBJC_LITERAL_CONVERSION = YES;
				CLANG_WARN_OBJC_ROOT_CLASS = YES_ERROR;
				CLANG_WARN_RANGE_LOOP_ANALYSIS = YES;
				CLANG_WARN_STRICT_PROTOTYPES = YES;
				CLANG_WARN_SUSPICIOUS_MOVE = YES;
				CLANG_WARN_UNGUARDED_AVAILABILITY = YES_AGGRESSIVE;
				CLANG_WARN_UNREACHABLE_CODE = YES;
				CLANG_WARN__DUPLICATE_METHOD_MATCH = YES;
				COPY_PHASE_STRIP = NO;
				DEBUG_INFORMATION_FORMAT = "dwarf-with-dsym";
				ENABLE_NS_ASSERTIONS = NO;
				ENABLE_STRICT_OBJC_MSGSEND = YES;
				GCC_C_LANGUAGE_STANDARD = gnu11;
				GCC_NO_COMMON_BLOCKS = YES;
				GCC_WARN_64_TO_32_BIT_CONVERSION = YES;
				GCC_WARN_ABOUT_RETURN_TYPE = YES_ERROR;
				GCC_WARN_UNDECLARED_SELECTOR = YES;
				GCC_WARN_UNINITIALIZED_AUTOS = YES_AGGRESSIVE;
				GCC_WARN_UNUSED_FUNCTION = YES;
				GCC_WARN_UNUSED_VARIABLE = YES;
				IPHONEOS_DEPLOYMENT_TARGET = 13.1;
				MTL_ENABLE_DEBUG_INFO = NO;
				MTL_FAST_MATH = YES;
				SDKROOT = iphoneos;
				SWIFT_COMPILATION_MODE = wholemodule;
				SWIFT_OPTIMIZATION_LEVEL = "-O";
				VALIDATE_PRODUCT = YES;
			};
			name = Release;
		};
		1CC81AB12382FC5700C7C956 /* Debug */ = {
			isa = XCBuildConfiguration;
			buildSettings = {
				ASSETCATALOG_COMPILER_APPICON_NAME = AppIcon;
				CODE_SIGN_STYLE = Automatic;
				DEVELOPMENT_TEAM = 6SL23D6X5G;
				INFOPLIST_FILE = happyOrSad/Info.plist;
				LD_RUNPATH_SEARCH_PATHS = (
					"$(inherited)",
					"@executable_path/Frameworks",
				);
				PRODUCT_BUNDLE_IDENTIFIER = ca.fulcherberguer.fernanda.happyOrSad;
				PRODUCT_NAME = "$(TARGET_NAME)";
				SWIFT_VERSION = 5.0;
				TARGETED_DEVICE_FAMILY = "1,2";
			};
			name = Debug;
		};
		1CC81AB22382FC5700C7C956 /* Release */ = {
			isa = XCBuildConfiguration;
			buildSettings = {
				ASSETCATALOG_COMPILER_APPICON_NAME = AppIcon;
				CODE_SIGN_STYLE = Automatic;
				DEVELOPMENT_TEAM = 6SL23D6X5G;
				INFOPLIST_FILE = happyOrSad/Info.plist;
				LD_RUNPATH_SEARCH_PATHS = (
					"$(inherited)",
					"@executable_path/Frameworks",
				);
				PRODUCT_BUNDLE_IDENTIFIER = ca.fulcherberguer.fernanda.happyOrSad;
				PRODUCT_NAME = "$(TARGET_NAME)";
				SWIFT_VERSION = 5.0;
				TARGETED_DEVICE_FAMILY = "1,2";
			};
			name = Release;
		};
/* End XCBuildConfiguration section */

/* Begin XCConfigurationList section */
		1CC81A972382FC5500C7C956 /* Build configuration list for PBXProject "happyOrSad" */ = {
			isa = XCConfigurationList;
			buildConfigurations = (
				1CC81AAE2382FC5700C7C956 /* Debug */,
				1CC81AAF2382FC5700C7C956 /* Release */,
			);
			defaultConfigurationIsVisible = 0;
			defaultConfigurationName = Release;
		};
		1CC81AB02382FC5700C7C956 /* Build configuration list for PBXNativeTarget "happyOrSad" */ = {
			isa = XCConfigurationList;
			buildConfigurations = (
				1CC81AB12382FC5700C7C956 /* Debug */,
				1CC81AB22382FC5700C7C956 /* Release */,
			);
			defaultConfigurationIsVisible = 0;
			defaultConfigurationName = Release;
		};
/* End XCConfigurationList section */
	};
	rootObject = 1CC81A942382FC5500C7C956 /* Project object */;
}
